// !$*UTF8*$!
{
	archiveVersion = 1;
	classes = {
	};
	objectVersion = 56;
	objects = {

/* Begin PBXBuildFile section */
		EC0146422CB559CE00F32022 /* PokemonAlert.swift in Sources */ = {isa = PBXBuildFile; fileRef = EC0146402CB559CE00F32022 /* PokemonAlert.swift */; };
		EC0146432CB559CE00F32022 /* PokemonErrorView.swift in Sources */ = {isa = PBXBuildFile; fileRef = EC0146412CB559CE00F32022 /* PokemonErrorView.swift */; };
		EC0FE5AE2CA4391E009D846C /* OnboardView.swift in Sources */ = {isa = PBXBuildFile; fileRef = EC0FE5AD2CA4391E009D846C /* OnboardView.swift */; };
		EC2261632CA425C500AD905F /* PokeAPILaunchScreen.storyboard in Resources */ = {isa = PBXBuildFile; fileRef = EC2261622CA425C500AD905F /* PokeAPILaunchScreen.storyboard */; };
		EC55CEB42C902F6900FD03FA /* PokeAPIApp.swift in Sources */ = {isa = PBXBuildFile; fileRef = EC55CEB32C902F6900FD03FA /* PokeAPIApp.swift */; };
		EC55CEB62C902F6900FD03FA /* ContentView.swift in Sources */ = {isa = PBXBuildFile; fileRef = EC55CEB52C902F6900FD03FA /* ContentView.swift */; };
		EC55CEB82C902F6A00FD03FA /* Assets.xcassets in Resources */ = {isa = PBXBuildFile; fileRef = EC55CEB72C902F6A00FD03FA /* Assets.xcassets */; };
		EC55CEBC2C902F6A00FD03FA /* Preview Assets.xcassets in Resources */ = {isa = PBXBuildFile; fileRef = EC55CEBB2C902F6A00FD03FA /* Preview Assets.xcassets */; };
		EC55CEC62C902F6A00FD03FA /* PokeAPITests.swift in Sources */ = {isa = PBXBuildFile; fileRef = EC55CEC52C902F6A00FD03FA /* PokeAPITests.swift */; };
		EC55CED02C902F6A00FD03FA /* PokeAPIUITests.swift in Sources */ = {isa = PBXBuildFile; fileRef = EC55CECF2C902F6A00FD03FA /* PokeAPIUITests.swift */; };
		EC55CED22C902F6A00FD03FA /* PokeAPIUITestsLaunchTests.swift in Sources */ = {isa = PBXBuildFile; fileRef = EC55CED12C902F6A00FD03FA /* PokeAPIUITestsLaunchTests.swift */; };
		EC55CEE92C90357100FD03FA /* PokemonViewModel.swift in Sources */ = {isa = PBXBuildFile; fileRef = EC55CEE82C90357100FD03FA /* PokemonViewModel.swift */; };
		EC55CEEC2C9035BC00FD03FA /* PokemonManager.swift in Sources */ = {isa = PBXBuildFile; fileRef = EC55CEEB2C9035BC00FD03FA /* PokemonManager.swift */; };
		EC55CEF12C903D1A00FD03FA /* PokemonImageView.swift in Sources */ = {isa = PBXBuildFile; fileRef = EC55CEF02C903D1A00FD03FA /* PokemonImageView.swift */; };
		EC55CEF32C90476900FD03FA /* Sizes.swift in Sources */ = {isa = PBXBuildFile; fileRef = EC55CEF22C90476900FD03FA /* Sizes.swift */; };
		EC55CEF52C9051CB00FD03FA /* Formatters.swift in Sources */ = {isa = PBXBuildFile; fileRef = EC55CEF42C9051CB00FD03FA /* Formatters.swift */; };
		EC55CEF72C90CB4E00FD03FA /* PokemonPage.swift in Sources */ = {isa = PBXBuildFile; fileRef = EC55CEF62C90CB4E00FD03FA /* PokemonPage.swift */; };
		EC55CEF92C90CB6200FD03FA /* Pokemon.swift in Sources */ = {isa = PBXBuildFile; fileRef = EC55CEF82C90CB6200FD03FA /* Pokemon.swift */; };
		EC55CEFB2C90CB7200FD03FA /* PokemonDetail.swift in Sources */ = {isa = PBXBuildFile; fileRef = EC55CEFA2C90CB7200FD03FA /* PokemonDetail.swift */; };
		EC55CEFD2C90CB8600FD03FA /* PokemonTypes.swift in Sources */ = {isa = PBXBuildFile; fileRef = EC55CEFC2C90CB8600FD03FA /* PokemonTypes.swift */; };
		EC55CEFF2C90CB9700FD03FA /* PokemonStats.swift in Sources */ = {isa = PBXBuildFile; fileRef = EC55CEFE2C90CB9700FD03FA /* PokemonStats.swift */; };
		EC58AFAC2C9818EB0041DED9 /* PokeAPIErrors.swift in Sources */ = {isa = PBXBuildFile; fileRef = EC58AFAB2C9818EB0041DED9 /* PokeAPIErrors.swift */; };
		EC58AFAE2C98248B0041DED9 /* PokeAPIUrls.swift in Sources */ = {isa = PBXBuildFile; fileRef = EC58AFAD2C98248B0041DED9 /* PokeAPIUrls.swift */; };
		EC7213A12CB693E900E052E1 /* ModalAlert.swift in Sources */ = {isa = PBXBuildFile; fileRef = EC7213A02CB693E900E052E1 /* ModalAlert.swift */; };
		EC9FEBA32C9ECD4300BC4BEC /* PokemonSearchView.swift in Sources */ = {isa = PBXBuildFile; fileRef = EC9FEBA22C9ECD4300BC4BEC /* PokemonSearchView.swift */; };
		ECA8BA0A2C99A80F001EC064 /* Colors.swift in Sources */ = {isa = PBXBuildFile; fileRef = ECA8BA092C99A804001EC064 /* Colors.swift */; };
		ECAC002F2CA0261700FB3968 /* PokemonCardView.swift in Sources */ = {isa = PBXBuildFile; fileRef = ECAC002E2CA0261700FB3968 /* PokemonCardView.swift */; };
		ECD8667D2CA16FFE00592621 /* PokedexView.swift in Sources */ = {isa = PBXBuildFile; fileRef = ECD8667C2CA16FFE00592621 /* PokedexView.swift */; };
		ECD866802CA19D2300592621 /* PokemonDetailViewl.swift in Sources */ = {isa = PBXBuildFile; fileRef = ECD8667F2CA19D2300592621 /* PokemonDetailViewl.swift */; };
/* End PBXBuildFile section */

/* Begin PBXContainerItemProxy section */
		EC55CEC22C902F6A00FD03FA /* PBXContainerItemProxy */ = {
			isa = PBXContainerItemProxy;
			containerPortal = EC55CEA82C902F6900FD03FA /* Project object */;
			proxyType = 1;
			remoteGlobalIDString = EC55CEAF2C902F6900FD03FA;
			remoteInfo = PokeAPI;
		};
		EC55CECC2C902F6A00FD03FA /* PBXContainerItemProxy */ = {
			isa = PBXContainerItemProxy;
			containerPortal = EC55CEA82C902F6900FD03FA /* Project object */;
			proxyType = 1;
			remoteGlobalIDString = EC55CEAF2C902F6900FD03FA;
			remoteInfo = PokeAPI;
		};
/* End PBXContainerItemProxy section */

/* Begin PBXFileReference section */
		EC0146402CB559CE00F32022 /* PokemonAlert.swift */ = {isa = PBXFileReference; lastKnownFileType = sourcecode.swift; path = PokemonAlert.swift; sourceTree = "<group>"; };
		EC0146412CB559CE00F32022 /* PokemonErrorView.swift */ = {isa = PBXFileReference; lastKnownFileType = sourcecode.swift; path = PokemonErrorView.swift; sourceTree = "<group>"; };
		EC0FE5AD2CA4391E009D846C /* OnboardView.swift */ = {isa = PBXFileReference; lastKnownFileType = sourcecode.swift; path = OnboardView.swift; sourceTree = "<group>"; };
		EC2261622CA425C500AD905F /* PokeAPILaunchScreen.storyboard */ = {isa = PBXFileReference; lastKnownFileType = file.storyboard; path = PokeAPILaunchScreen.storyboard; sourceTree = "<group>"; };
		EC55CEB02C902F6900FD03FA /* PokeAPI.app */ = {isa = PBXFileReference; explicitFileType = wrapper.application; includeInIndex = 0; path = PokeAPI.app; sourceTree = BUILT_PRODUCTS_DIR; };
		EC55CEB32C902F6900FD03FA /* PokeAPIApp.swift */ = {isa = PBXFileReference; lastKnownFileType = sourcecode.swift; path = PokeAPIApp.swift; sourceTree = "<group>"; };
		EC55CEB52C902F6900FD03FA /* ContentView.swift */ = {isa = PBXFileReference; lastKnownFileType = sourcecode.swift; path = ContentView.swift; sourceTree = "<group>"; };
		EC55CEB72C902F6A00FD03FA /* Assets.xcassets */ = {isa = PBXFileReference; lastKnownFileType = folder.assetcatalog; path = Assets.xcassets; sourceTree = "<group>"; };
		EC55CEB92C902F6A00FD03FA /* PokeAPI.entitlements */ = {isa = PBXFileReference; lastKnownFileType = text.plist.entitlements; path = PokeAPI.entitlements; sourceTree = "<group>"; };
		EC55CEBB2C902F6A00FD03FA /* Preview Assets.xcassets */ = {isa = PBXFileReference; lastKnownFileType = folder.assetcatalog; path = "Preview Assets.xcassets"; sourceTree = "<group>"; };
		EC55CEC12C902F6A00FD03FA /* PokeAPITests.xctest */ = {isa = PBXFileReference; explicitFileType = wrapper.cfbundle; includeInIndex = 0; path = PokeAPITests.xctest; sourceTree = BUILT_PRODUCTS_DIR; };
		EC55CEC52C902F6A00FD03FA /* PokeAPITests.swift */ = {isa = PBXFileReference; lastKnownFileType = sourcecode.swift; path = PokeAPITests.swift; sourceTree = "<group>"; };
		EC55CECB2C902F6A00FD03FA /* PokeAPIUITests.xctest */ = {isa = PBXFileReference; explicitFileType = wrapper.cfbundle; includeInIndex = 0; path = PokeAPIUITests.xctest; sourceTree = BUILT_PRODUCTS_DIR; };
		EC55CECF2C902F6A00FD03FA /* PokeAPIUITests.swift */ = {isa = PBXFileReference; lastKnownFileType = sourcecode.swift; path = PokeAPIUITests.swift; sourceTree = "<group>"; };
		EC55CED12C902F6A00FD03FA /* PokeAPIUITestsLaunchTests.swift */ = {isa = PBXFileReference; lastKnownFileType = sourcecode.swift; path = PokeAPIUITestsLaunchTests.swift; sourceTree = "<group>"; };
		EC55CEE82C90357100FD03FA /* PokemonViewModel.swift */ = {isa = PBXFileReference; lastKnownFileType = sourcecode.swift; path = PokemonViewModel.swift; sourceTree = "<group>"; };
		EC55CEEB2C9035BC00FD03FA /* PokemonManager.swift */ = {isa = PBXFileReference; lastKnownFileType = sourcecode.swift; path = PokemonManager.swift; sourceTree = "<group>"; };
		EC55CEF02C903D1A00FD03FA /* PokemonImageView.swift */ = {isa = PBXFileReference; lastKnownFileType = sourcecode.swift; path = PokemonImageView.swift; sourceTree = "<group>"; };
		EC55CEF22C90476900FD03FA /* Sizes.swift */ = {isa = PBXFileReference; lastKnownFileType = sourcecode.swift; path = Sizes.swift; sourceTree = "<group>"; };
		EC55CEF42C9051CB00FD03FA /* Formatters.swift */ = {isa = PBXFileReference; lastKnownFileType = sourcecode.swift; path = Formatters.swift; sourceTree = "<group>"; };
		EC55CEF62C90CB4E00FD03FA /* PokemonPage.swift */ = {isa = PBXFileReference; lastKnownFileType = sourcecode.swift; path = PokemonPage.swift; sourceTree = "<group>"; };
		EC55CEF82C90CB6200FD03FA /* Pokemon.swift */ = {isa = PBXFileReference; lastKnownFileType = sourcecode.swift; path = Pokemon.swift; sourceTree = "<group>"; };
		EC55CEFA2C90CB7200FD03FA /* PokemonDetail.swift */ = {isa = PBXFileReference; lastKnownFileType = sourcecode.swift; path = PokemonDetail.swift; sourceTree = "<group>"; };
		EC55CEFC2C90CB8600FD03FA /* PokemonTypes.swift */ = {isa = PBXFileReference; lastKnownFileType = sourcecode.swift; path = PokemonTypes.swift; sourceTree = "<group>"; };
		EC55CEFE2C90CB9700FD03FA /* PokemonStats.swift */ = {isa = PBXFileReference; lastKnownFileType = sourcecode.swift; path = PokemonStats.swift; sourceTree = "<group>"; };
		EC58AFAB2C9818EB0041DED9 /* PokeAPIErrors.swift */ = {isa = PBXFileReference; lastKnownFileType = sourcecode.swift; path = PokeAPIErrors.swift; sourceTree = "<group>"; };
		EC58AFAD2C98248B0041DED9 /* PokeAPIUrls.swift */ = {isa = PBXFileReference; lastKnownFileType = sourcecode.swift; path = PokeAPIUrls.swift; sourceTree = "<group>"; };
		EC7213A02CB693E900E052E1 /* ModalAlert.swift */ = {isa = PBXFileReference; lastKnownFileType = sourcecode.swift; path = ModalAlert.swift; sourceTree = "<group>"; };
		EC9FEBA22C9ECD4300BC4BEC /* PokemonSearchView.swift */ = {isa = PBXFileReference; lastKnownFileType = sourcecode.swift; path = PokemonSearchView.swift; sourceTree = "<group>"; };
		ECA8BA092C99A804001EC064 /* Colors.swift */ = {isa = PBXFileReference; lastKnownFileType = sourcecode.swift; path = Colors.swift; sourceTree = "<group>"; };
		ECAC002E2CA0261700FB3968 /* PokemonCardView.swift */ = {isa = PBXFileReference; lastKnownFileType = sourcecode.swift; path = PokemonCardView.swift; sourceTree = "<group>"; };
		ECD8667C2CA16FFE00592621 /* PokedexView.swift */ = {isa = PBXFileReference; lastKnownFileType = sourcecode.swift; path = PokedexView.swift; sourceTree = "<group>"; };
		ECD8667F2CA19D2300592621 /* PokemonDetailViewl.swift */ = {isa = PBXFileReference; lastKnownFileType = sourcecode.swift; path = PokemonDetailViewl.swift; sourceTree = "<group>"; };
/* End PBXFileReference section */

/* Begin PBXFrameworksBuildPhase section */
		EC55CEAD2C902F6900FD03FA /* Frameworks */ = {
			isa = PBXFrameworksBuildPhase;
			buildActionMask = 2147483647;
			files = (
			);
			runOnlyForDeploymentPostprocessing = 0;
		};
		EC55CEBE2C902F6A00FD03FA /* Frameworks */ = {
			isa = PBXFrameworksBuildPhase;
			buildActionMask = 2147483647;
			files = (
			);
			runOnlyForDeploymentPostprocessing = 0;
		};
		EC55CEC82C902F6A00FD03FA /* Frameworks */ = {
			isa = PBXFrameworksBuildPhase;
			buildActionMask = 2147483647;
			files = (
			);
			runOnlyForDeploymentPostprocessing = 0;
		};
/* End PBXFrameworksBuildPhase section */

/* Begin PBXGroup section */
		EC0146492CB5858B00F32022 /* Modifiers */ = {
			isa = PBXGroup;
			children = (
				EC01464A2CB5859E00F32022 /* Alerts */,
			);
			path = Modifiers;
			sourceTree = "<group>";
		};
		EC01464A2CB5859E00F32022 /* Alerts */ = {
			isa = PBXGroup;
			children = (
				EC01464B2CB585AC00F32022 /* Models */,
				EC01464C2CB585B600F32022 /* Views */,
			);
			path = Alerts;
			sourceTree = "<group>";
		};
		EC01464B2CB585AC00F32022 /* Models */ = {
			isa = PBXGroup;
			children = (
				EC0146402CB559CE00F32022 /* PokemonAlert.swift */,
				EC7213A02CB693E900E052E1 /* ModalAlert.swift */,
			);
			path = Models;
			sourceTree = "<group>";
		};
		EC01464C2CB585B600F32022 /* Views */ = {
			isa = PBXGroup;
			children = (
				EC0146412CB559CE00F32022 /* PokemonErrorView.swift */,
			);
			path = Views;
			sourceTree = "<group>";
		};
		EC55CEA72C902F6900FD03FA = {
			isa = PBXGroup;
			children = (
				EC55CEB22C902F6900FD03FA /* PokeAPI */,
				EC55CEC42C902F6A00FD03FA /* PokeAPITests */,
				EC55CECE2C902F6A00FD03FA /* PokeAPIUITests */,
				EC55CEB12C902F6900FD03FA /* Products */,
			);
			sourceTree = "<group>";
		};
		EC55CEB12C902F6900FD03FA /* Products */ = {
			isa = PBXGroup;
			children = (
				EC55CEB02C902F6900FD03FA /* PokeAPI.app */,
				EC55CEC12C902F6A00FD03FA /* PokeAPITests.xctest */,
				EC55CECB2C902F6A00FD03FA /* PokeAPIUITests.xctest */,
			);
			name = Products;
			sourceTree = "<group>";
		};
		EC55CEB22C902F6900FD03FA /* PokeAPI */ = {
			isa = PBXGroup;
			children = (
				EC55CEB72C902F6A00FD03FA /* Assets.xcassets */,
				EC55CEEA2C90359300FD03FA /* Managers */,
				EC55CEE42C90343600FD03FA /* Models */,
				EC0146492CB5858B00F32022 /* Modifiers */,
				EC55CEB92C902F6A00FD03FA /* PokeAPI.entitlements */,
				EC55CEB32C902F6900FD03FA /* PokeAPIApp.swift */,
				EC2261622CA425C500AD905F /* PokeAPILaunchScreen.storyboard */,
				EC55CEBA2C902F6A00FD03FA /* Preview Content */,
				EC55CEE12C90310B00FD03FA /* Utilities */,
				EC55CEE72C90355400FD03FA /* ViewModels */,
				EC55CEED2C903A4300FD03FA /* Views */,
			);
			path = PokeAPI;
			sourceTree = "<group>";
		};
		EC55CEBA2C902F6A00FD03FA /* Preview Content */ = {
			isa = PBXGroup;
			children = (
				EC55CEBB2C902F6A00FD03FA /* Preview Assets.xcassets */,
			);
			path = "Preview Content";
			sourceTree = "<group>";
		};
		EC55CEC42C902F6A00FD03FA /* PokeAPITests */ = {
			isa = PBXGroup;
			children = (
				EC55CEC52C902F6A00FD03FA /* PokeAPITests.swift */,
			);
			path = PokeAPITests;
			sourceTree = "<group>";
		};
		EC55CECE2C902F6A00FD03FA /* PokeAPIUITests */ = {
			isa = PBXGroup;
			children = (
				EC55CECF2C902F6A00FD03FA /* PokeAPIUITests.swift */,
				EC55CED12C902F6A00FD03FA /* PokeAPIUITestsLaunchTests.swift */,
			);
			path = PokeAPIUITests;
			sourceTree = "<group>";
		};
		EC55CEE12C90310B00FD03FA /* Utilities */ = {
			isa = PBXGroup;
			children = (
				ECA8BA092C99A804001EC064 /* Colors.swift */,
				EC55CEF42C9051CB00FD03FA /* Formatters.swift */,
				EC58AFAB2C9818EB0041DED9 /* PokeAPIErrors.swift */,
				EC58AFAD2C98248B0041DED9 /* PokeAPIUrls.swift */,
				EC55CEF22C90476900FD03FA /* Sizes.swift */,
			);
			path = Utilities;
			sourceTree = "<group>";
		};
		EC55CEE42C90343600FD03FA /* Models */ = {
			isa = PBXGroup;
			children = (
				EC55CEF82C90CB6200FD03FA /* Pokemon.swift */,
				EC55CEFA2C90CB7200FD03FA /* PokemonDetail.swift */,
				EC55CEF62C90CB4E00FD03FA /* PokemonPage.swift */,
				EC55CEFE2C90CB9700FD03FA /* PokemonStats.swift */,
				EC55CEFC2C90CB8600FD03FA /* PokemonTypes.swift */,
			);
			path = Models;
			sourceTree = "<group>";
		};
		EC55CEE72C90355400FD03FA /* ViewModels */ = {
			isa = PBXGroup;
			children = (
				EC55CEE82C90357100FD03FA /* PokemonViewModel.swift */,
			);
			path = ViewModels;
			sourceTree = "<group>";
		};
		EC55CEEA2C90359300FD03FA /* Managers */ = {
			isa = PBXGroup;
			children = (
				EC55CEEB2C9035BC00FD03FA /* PokemonManager.swift */,
			);
			path = Managers;
			sourceTree = "<group>";
		};
		EC55CEED2C903A4300FD03FA /* Views */ = {
			isa = PBXGroup;
			children = (
				EC55CEB52C902F6900FD03FA /* ContentView.swift */,
				EC0FE5AD2CA4391E009D846C /* OnboardView.swift */,
				ECD8667C2CA16FFE00592621 /* PokedexView.swift */,
				ECAC002E2CA0261700FB3968 /* PokemonCardView.swift */,
				ECD8667F2CA19D2300592621 /* PokemonDetailViewl.swift */,
				EC55CEF02C903D1A00FD03FA /* PokemonImageView.swift */,
				EC9FEBA22C9ECD4300BC4BEC /* PokemonSearchView.swift */,
			);
			path = Views;
			sourceTree = "<group>";
		};
/* End PBXGroup section */

/* Begin PBXNativeTarget section */
		EC55CEAF2C902F6900FD03FA /* PokeAPI */ = {
			isa = PBXNativeTarget;
			buildConfigurationList = EC55CED52C902F6A00FD03FA /* Build configuration list for PBXNativeTarget "PokeAPI" */;
			buildPhases = (
				EC55CEAC2C902F6900FD03FA /* Sources */,
				EC55CEAD2C902F6900FD03FA /* Frameworks */,
				EC55CEAE2C902F6900FD03FA /* Resources */,
			);
			buildRules = (
			);
			dependencies = (
			);
			name = PokeAPI;
			productName = PokeAPI;
			productReference = EC55CEB02C902F6900FD03FA /* PokeAPI.app */;
			productType = "com.apple.product-type.application";
		};
		EC55CEC02C902F6A00FD03FA /* PokeAPITests */ = {
			isa = PBXNativeTarget;
			buildConfigurationList = EC55CED82C902F6A00FD03FA /* Build configuration list for PBXNativeTarget "PokeAPITests" */;
			buildPhases = (
				EC55CEBD2C902F6A00FD03FA /* Sources */,
				EC55CEBE2C902F6A00FD03FA /* Frameworks */,
				EC55CEBF2C902F6A00FD03FA /* Resources */,
			);
			buildRules = (
			);
			dependencies = (
				EC55CEC32C902F6A00FD03FA /* PBXTargetDependency */,
			);
			name = PokeAPITests;
			productName = PokeAPITests;
			productReference = EC55CEC12C902F6A00FD03FA /* PokeAPITests.xctest */;
			productType = "com.apple.product-type.bundle.unit-test";
		};
		EC55CECA2C902F6A00FD03FA /* PokeAPIUITests */ = {
			isa = PBXNativeTarget;
			buildConfigurationList = EC55CEDB2C902F6A00FD03FA /* Build configuration list for PBXNativeTarget "PokeAPIUITests" */;
			buildPhases = (
				EC55CEC72C902F6A00FD03FA /* Sources */,
				EC55CEC82C902F6A00FD03FA /* Frameworks */,
				EC55CEC92C902F6A00FD03FA /* Resources */,
			);
			buildRules = (
			);
			dependencies = (
				EC55CECD2C902F6A00FD03FA /* PBXTargetDependency */,
			);
			name = PokeAPIUITests;
			productName = PokeAPIUITests;
			productReference = EC55CECB2C902F6A00FD03FA /* PokeAPIUITests.xctest */;
			productType = "com.apple.product-type.bundle.ui-testing";
		};
/* End PBXNativeTarget section */

/* Begin PBXProject section */
		EC55CEA82C902F6900FD03FA /* Project object */ = {
			isa = PBXProject;
			attributes = {
				BuildIndependentTargetsInParallel = 1;
				LastSwiftUpdateCheck = 1540;
				LastUpgradeCheck = 1540;
				TargetAttributes = {
					EC55CEAF2C902F6900FD03FA = {
						CreatedOnToolsVersion = 15.4;
					};
					EC55CEC02C902F6A00FD03FA = {
						CreatedOnToolsVersion = 15.4;
						TestTargetID = EC55CEAF2C902F6900FD03FA;
					};
					EC55CECA2C902F6A00FD03FA = {
						CreatedOnToolsVersion = 15.4;
						TestTargetID = EC55CEAF2C902F6900FD03FA;
					};
				};
			};
			buildConfigurationList = EC55CEAB2C902F6900FD03FA /* Build configuration list for PBXProject "PokeAPI" */;
			compatibilityVersion = "Xcode 14.0";
			developmentRegion = en;
			hasScannedForEncodings = 0;
			knownRegions = (
				en,
				Base,
			);
			mainGroup = EC55CEA72C902F6900FD03FA;
			productRefGroup = EC55CEB12C902F6900FD03FA /* Products */;
			projectDirPath = "";
			projectRoot = "";
			targets = (
				EC55CEAF2C902F6900FD03FA /* PokeAPI */,
				EC55CEC02C902F6A00FD03FA /* PokeAPITests */,
				EC55CECA2C902F6A00FD03FA /* PokeAPIUITests */,
			);
		};
/* End PBXProject section */

/* Begin PBXResourcesBuildPhase section */
		EC55CEAE2C902F6900FD03FA /* Resources */ = {
			isa = PBXResourcesBuildPhase;
			buildActionMask = 2147483647;
			files = (
				EC2261632CA425C500AD905F /* PokeAPILaunchScreen.storyboard in Resources */,
				EC55CEBC2C902F6A00FD03FA /* Preview Assets.xcassets in Resources */,
				EC55CEB82C902F6A00FD03FA /* Assets.xcassets in Resources */,
			);
			runOnlyForDeploymentPostprocessing = 0;
		};
		EC55CEBF2C902F6A00FD03FA /* Resources */ = {
			isa = PBXResourcesBuildPhase;
			buildActionMask = 2147483647;
			files = (
			);
			runOnlyForDeploymentPostprocessing = 0;
		};
		EC55CEC92C902F6A00FD03FA /* Resources */ = {
			isa = PBXResourcesBuildPhase;
			buildActionMask = 2147483647;
			files = (
			);
			runOnlyForDeploymentPostprocessing = 0;
		};
/* End PBXResourcesBuildPhase section */

/* Begin PBXSourcesBuildPhase section */
		EC55CEAC2C902F6900FD03FA /* Sources */ = {
			isa = PBXSourcesBuildPhase;
			buildActionMask = 2147483647;
			files = (
				EC55CEF12C903D1A00FD03FA /* PokemonImageView.swift in Sources */,
				EC58AFAE2C98248B0041DED9 /* PokeAPIUrls.swift in Sources */,
				EC9FEBA32C9ECD4300BC4BEC /* PokemonSearchView.swift in Sources */,
				EC55CEB62C902F6900FD03FA /* ContentView.swift in Sources */,
				EC0146422CB559CE00F32022 /* PokemonAlert.swift in Sources */,
				EC0146432CB559CE00F32022 /* PokemonErrorView.swift in Sources */,
				EC55CEEC2C9035BC00FD03FA /* PokemonManager.swift in Sources */,
				EC55CEF32C90476900FD03FA /* Sizes.swift in Sources */,
				ECD866802CA19D2300592621 /* PokemonDetailViewl.swift in Sources */,
				EC58AFAC2C9818EB0041DED9 /* PokeAPIErrors.swift in Sources */,
				EC55CEFF2C90CB9700FD03FA /* PokemonStats.swift in Sources */,
				EC7213A12CB693E900E052E1 /* ModalAlert.swift in Sources */,
				EC55CEE92C90357100FD03FA /* PokemonViewModel.swift in Sources */,
				EC55CEF92C90CB6200FD03FA /* Pokemon.swift in Sources */,
				ECA8BA0A2C99A80F001EC064 /* Colors.swift in Sources */,
				EC55CEF52C9051CB00FD03FA /* Formatters.swift in Sources */,
				EC55CEF72C90CB4E00FD03FA /* PokemonPage.swift in Sources */,
				EC55CEFB2C90CB7200FD03FA /* PokemonDetail.swift in Sources */,
				ECAC002F2CA0261700FB3968 /* PokemonCardView.swift in Sources */,
				EC0FE5AE2CA4391E009D846C /* OnboardView.swift in Sources */,
				EC55CEB42C902F6900FD03FA /* PokeAPIApp.swift in Sources */,
				EC55CEFD2C90CB8600FD03FA /* PokemonTypes.swift in Sources */,
				ECD8667D2CA16FFE00592621 /* PokedexView.swift in Sources */,
			);
			runOnlyForDeploymentPostprocessing = 0;
		};
		EC55CEBD2C902F6A00FD03FA /* Sources */ = {
			isa = PBXSourcesBuildPhase;
			buildActionMask = 2147483647;
			files = (
				EC55CEC62C902F6A00FD03FA /* PokeAPITests.swift in Sources */,
			);
			runOnlyForDeploymentPostprocessing = 0;
		};
		EC55CEC72C902F6A00FD03FA /* Sources */ = {
			isa = PBXSourcesBuildPhase;
			buildActionMask = 2147483647;
			files = (
				EC55CED22C902F6A00FD03FA /* PokeAPIUITestsLaunchTests.swift in Sources */,
				EC55CED02C902F6A00FD03FA /* PokeAPIUITests.swift in Sources */,
			);
			runOnlyForDeploymentPostprocessing = 0;
		};
/* End PBXSourcesBuildPhase section */

/* Begin PBXTargetDependency section */
		EC55CEC32C902F6A00FD03FA /* PBXTargetDependency */ = {
			isa = PBXTargetDependency;
			target = EC55CEAF2C902F6900FD03FA /* PokeAPI */;
			targetProxy = EC55CEC22C902F6A00FD03FA /* PBXContainerItemProxy */;
		};
		EC55CECD2C902F6A00FD03FA /* PBXTargetDependency */ = {
			isa = PBXTargetDependency;
			target = EC55CEAF2C902F6900FD03FA /* PokeAPI */;
			targetProxy = EC55CECC2C902F6A00FD03FA /* PBXContainerItemProxy */;
		};
/* End PBXTargetDependency section */

/* Begin XCBuildConfiguration section */
		EC55CED32C902F6A00FD03FA /* Debug */ = {
			isa = XCBuildConfiguration;
			buildSettings = {
				ALWAYS_SEARCH_USER_PATHS = NO;
				ASSETCATALOG_COMPILER_GENERATE_SWIFT_ASSET_SYMBOL_EXTENSIONS = YES;
				CLANG_ANALYZER_NONNULL = YES;
				CLANG_ANALYZER_NUMBER_OBJECT_CONVERSION = YES_AGGRESSIVE;
				CLANG_CXX_LANGUAGE_STANDARD = "gnu++20";
				CLANG_ENABLE_MODULES = YES;
				CLANG_ENABLE_OBJC_ARC = YES;
				CLANG_ENABLE_OBJC_WEAK = YES;
				CLANG_WARN_BLOCK_CAPTURE_AUTORELEASING = YES;
				CLANG_WARN_BOOL_CONVERSION = YES;
				CLANG_WARN_COMMA = YES;
				CLANG_WARN_CONSTANT_CONVERSION = YES;
				CLANG_WARN_DEPRECATED_OBJC_IMPLEMENTATIONS = YES;
				CLANG_WARN_DIRECT_OBJC_ISA_USAGE = YES_ERROR;
				CLANG_WARN_DOCUMENTATION_COMMENTS = YES;
				CLANG_WARN_EMPTY_BODY = YES;
				CLANG_WARN_ENUM_CONVERSION = YES;
				CLANG_WARN_INFINITE_RECURSION = YES;
				CLANG_WARN_INT_CONVERSION = YES;
				CLANG_WARN_NON_LITERAL_NULL_CONVERSION = YES;
				CLANG_WARN_OBJC_IMPLICIT_RETAIN_SELF = YES;
				CLANG_WARN_OBJC_LITERAL_CONVERSION = YES;
				CLANG_WARN_OBJC_ROOT_CLASS = YES_ERROR;
				CLANG_WARN_QUOTED_INCLUDE_IN_FRAMEWORK_HEADER = YES;
				CLANG_WARN_RANGE_LOOP_ANALYSIS = YES;
				CLANG_WARN_STRICT_PROTOTYPES = YES;
				CLANG_WARN_SUSPICIOUS_MOVE = YES;
				CLANG_WARN_UNGUARDED_AVAILABILITY = YES_AGGRESSIVE;
				CLANG_WARN_UNREACHABLE_CODE = YES;
				CLANG_WARN__DUPLICATE_METHOD_MATCH = YES;
				COPY_PHASE_STRIP = NO;
				DEBUG_INFORMATION_FORMAT = dwarf;
				ENABLE_STRICT_OBJC_MSGSEND = YES;
				ENABLE_TESTABILITY = YES;
				ENABLE_USER_SCRIPT_SANDBOXING = YES;
				GCC_C_LANGUAGE_STANDARD = gnu17;
				GCC_DYNAMIC_NO_PIC = NO;
				GCC_NO_COMMON_BLOCKS = YES;
				GCC_OPTIMIZATION_LEVEL = 0;
				GCC_PREPROCESSOR_DEFINITIONS = (
					"DEBUG=1",
					"$(inherited)",
				);
				GCC_WARN_64_TO_32_BIT_CONVERSION = YES;
				GCC_WARN_ABOUT_RETURN_TYPE = YES_ERROR;
				GCC_WARN_UNDECLARED_SELECTOR = YES;
				GCC_WARN_UNINITIALIZED_AUTOS = YES_AGGRESSIVE;
				GCC_WARN_UNUSED_FUNCTION = YES;
				GCC_WARN_UNUSED_VARIABLE = YES;
				LOCALIZATION_PREFERS_STRING_CATALOGS = YES;
				MTL_ENABLE_DEBUG_INFO = INCLUDE_SOURCE;
				MTL_FAST_MATH = YES;
				ONLY_ACTIVE_ARCH = YES;
				SWIFT_ACTIVE_COMPILATION_CONDITIONS = "DEBUG $(inherited)";
				SWIFT_OPTIMIZATION_LEVEL = "-Onone";
			};
			name = Debug;
		};
		EC55CED42C902F6A00FD03FA /* Release */ = {
			isa = XCBuildConfiguration;
			buildSettings = {
				ALWAYS_SEARCH_USER_PATHS = NO;
				ASSETCATALOG_COMPILER_GENERATE_SWIFT_ASSET_SYMBOL_EXTENSIONS = YES;
				CLANG_ANALYZER_NONNULL = YES;
				CLANG_ANALYZER_NUMBER_OBJECT_CONVERSION = YES_AGGRESSIVE;
				CLANG_CXX_LANGUAGE_STANDARD = "gnu++20";
				CLANG_ENABLE_MODULES = YES;
				CLANG_ENABLE_OBJC_ARC = YES;
				CLANG_ENABLE_OBJC_WEAK = YES;
				CLANG_WARN_BLOCK_CAPTURE_AUTORELEASING = YES;
				CLANG_WARN_BOOL_CONVERSION = YES;
				CLANG_WARN_COMMA = YES;
				CLANG_WARN_CONSTANT_CONVERSION = YES;
				CLANG_WARN_DEPRECATED_OBJC_IMPLEMENTATIONS = YES;
				CLANG_WARN_DIRECT_OBJC_ISA_USAGE = YES_ERROR;
				CLANG_WARN_DOCUMENTATION_COMMENTS = YES;
				CLANG_WARN_EMPTY_BODY = YES;
				CLANG_WARN_ENUM_CONVERSION = YES;
				CLANG_WARN_INFINITE_RECURSION = YES;
				CLANG_WARN_INT_CONVERSION = YES;
				CLANG_WARN_NON_LITERAL_NULL_CONVERSION = YES;
				CLANG_WARN_OBJC_IMPLICIT_RETAIN_SELF = YES;
				CLANG_WARN_OBJC_LITERAL_CONVERSION = YES;
				CLANG_WARN_OBJC_ROOT_CLASS = YES_ERROR;
				CLANG_WARN_QUOTED_INCLUDE_IN_FRAMEWORK_HEADER = YES;
				CLANG_WARN_RANGE_LOOP_ANALYSIS = YES;
				CLANG_WARN_STRICT_PROTOTYPES = YES;
				CLANG_WARN_SUSPICIOUS_MOVE = YES;
				CLANG_WARN_UNGUARDED_AVAILABILITY = YES_AGGRESSIVE;
				CLANG_WARN_UNREACHABLE_CODE = YES;
				CLANG_WARN__DUPLICATE_METHOD_MATCH = YES;
				COPY_PHASE_STRIP = NO;
				DEBUG_INFORMATION_FORMAT = "dwarf-with-dsym";
				ENABLE_NS_ASSERTIONS = NO;
				ENABLE_STRICT_OBJC_MSGSEND = YES;
				ENABLE_USER_SCRIPT_SANDBOXING = YES;
				GCC_C_LANGUAGE_STANDARD = gnu17;
				GCC_NO_COMMON_BLOCKS = YES;
				GCC_WARN_64_TO_32_BIT_CONVERSION = YES;
				GCC_WARN_ABOUT_RETURN_TYPE = YES_ERROR;
				GCC_WARN_UNDECLARED_SELECTOR = YES;
				GCC_WARN_UNINITIALIZED_AUTOS = YES_AGGRESSIVE;
				GCC_WARN_UNUSED_FUNCTION = YES;
				GCC_WARN_UNUSED_VARIABLE = YES;
				LOCALIZATION_PREFERS_STRING_CATALOGS = YES;
				MTL_ENABLE_DEBUG_INFO = NO;
				MTL_FAST_MATH = YES;
				SWIFT_COMPILATION_MODE = wholemodule;
			};
			name = Release;
		};
		EC55CED62C902F6A00FD03FA /* Debug */ = {
			isa = XCBuildConfiguration;
			buildSettings = {
				ASSETCATALOG_COMPILER_APPICON_NAME = AppIcon;
				ASSETCATALOG_COMPILER_GLOBAL_ACCENT_COLOR_NAME = AccentColor;
				ASSETCATALOG_COMPILER_INCLUDE_ALL_APPICON_ASSETS = NO;
				CODE_SIGN_ENTITLEMENTS = PokeAPI/PokeAPI.entitlements;
				CODE_SIGN_STYLE = Automatic;
				CURRENT_PROJECT_VERSION = 1;
				DEVELOPMENT_ASSET_PATHS = "\"PokeAPI/Preview Content\"";
				ENABLE_PREVIEWS = YES;
				GENERATE_INFOPLIST_FILE = YES;
				INFOPLIST_FILE = PokeAPI/Info.plist;
				"INFOPLIST_KEY_UIApplicationSceneManifest_Generation[sdk=iphoneos*]" = YES;
				"INFOPLIST_KEY_UIApplicationSceneManifest_Generation[sdk=iphonesimulator*]" = YES;
				"INFOPLIST_KEY_UIApplicationSupportsIndirectInputEvents[sdk=iphoneos*]" = YES;
				"INFOPLIST_KEY_UIApplicationSupportsIndirectInputEvents[sdk=iphonesimulator*]" = YES;
				"INFOPLIST_KEY_UILaunchScreen_Generation[sdk=iphoneos*]" = YES;
				"INFOPLIST_KEY_UILaunchScreen_Generation[sdk=iphonesimulator*]" = YES;
				"INFOPLIST_KEY_UIStatusBarStyle[sdk=iphoneos*]" = UIStatusBarStyleDefault;
				"INFOPLIST_KEY_UIStatusBarStyle[sdk=iphonesimulator*]" = UIStatusBarStyleDefault;
				INFOPLIST_KEY_UISupportedInterfaceOrientations_iPad = "UIInterfaceOrientationPortrait UIInterfaceOrientationPortraitUpsideDown UIInterfaceOrientationLandscapeLeft UIInterfaceOrientationLandscapeRight";
				INFOPLIST_KEY_UISupportedInterfaceOrientations_iPhone = "UIInterfaceOrientationPortrait UIInterfaceOrientationLandscapeLeft UIInterfaceOrientationLandscapeRight";
				IPHONEOS_DEPLOYMENT_TARGET = 17.5;
				LD_RUNPATH_SEARCH_PATHS = "@executable_path/Frameworks";
				"LD_RUNPATH_SEARCH_PATHS[sdk=macosx*]" = "@executable_path/../Frameworks";
				MACOSX_DEPLOYMENT_TARGET = 14.5;
				MARKETING_VERSION = 1.0;
				PRODUCT_BUNDLE_IDENTIFIER = "Gustavo-Freitas-Rosa.PokeAPI";
				PRODUCT_NAME = "$(TARGET_NAME)";
				SDKROOT = auto;
				SUPPORTED_PLATFORMS = "iphoneos iphonesimulator macosx";
				SWIFT_EMIT_LOC_STRINGS = YES;
				SWIFT_VERSION = 5.0;
				TARGETED_DEVICE_FAMILY = "1,2";
			};
			name = Debug;
		};
		EC55CED72C902F6A00FD03FA /* Release */ = {
			isa = XCBuildConfiguration;
			buildSettings = {
				ASSETCATALOG_COMPILER_APPICON_NAME = AppIcon;
				ASSETCATALOG_COMPILER_GLOBAL_ACCENT_COLOR_NAME = AccentColor;
				ASSETCATALOG_COMPILER_INCLUDE_ALL_APPICON_ASSETS = NO;
				CODE_SIGN_ENTITLEMENTS = PokeAPI/PokeAPI.entitlements;
				CODE_SIGN_STYLE = Automatic;
				CURRENT_PROJECT_VERSION = 1;
				DEVELOPMENT_ASSET_PATHS = "\"PokeAPI/Preview Content\"";
				ENABLE_PREVIEWS = YES;
				GENERATE_INFOPLIST_FILE = YES;
				INFOPLIST_FILE = PokeAPI/Info.plist;
				"INFOPLIST_KEY_UIApplicationSceneManifest_Generation[sdk=iphoneos*]" = YES;
				"INFOPLIST_KEY_UIApplicationSceneManifest_Generation[sdk=iphonesimulator*]" = YES;
				"INFOPLIST_KEY_UIApplicationSupportsIndirectInputEvents[sdk=iphoneos*]" = YES;
				"INFOPLIST_KEY_UIApplicationSupportsIndirectInputEvents[sdk=iphonesimulator*]" = YES;
				"INFOPLIST_KEY_UILaunchScreen_Generation[sdk=iphoneos*]" = YES;
				"INFOPLIST_KEY_UILaunchScreen_Generation[sdk=iphonesimulator*]" = YES;
				"INFOPLIST_KEY_UIStatusBarStyle[sdk=iphoneos*]" = UIStatusBarStyleDefault;
				"INFOPLIST_KEY_UIStatusBarStyle[sdk=iphonesimulator*]" = UIStatusBarStyleDefault;
				INFOPLIST_KEY_UISupportedInterfaceOrientations_iPad = "UIInterfaceOrientationPortrait UIInterfaceOrientationPortraitUpsideDown UIInterfaceOrientationLandscapeLeft UIInterfaceOrientationLandscapeRight";
				INFOPLIST_KEY_UISupportedInterfaceOrientations_iPhone = "UIInterfaceOrientationPortrait UIInterfaceOrientationLandscapeLeft UIInterfaceOrientationLandscapeRight";
				IPHONEOS_DEPLOYMENT_TARGET = 17.5;
				LD_RUNPATH_SEARCH_PATHS = "@executable_path/Frameworks";
				"LD_RUNPATH_SEARCH_PATHS[sdk=macosx*]" = "@executable_path/../Frameworks";
				MACOSX_DEPLOYMENT_TARGET = 14.5;
				MARKETING_VERSION = 1.0;
				PRODUCT_BUNDLE_IDENTIFIER = "Gustavo-Freitas-Rosa.PokeAPI";
				PRODUCT_NAME = "$(TARGET_NAME)";
				SDKROOT = auto;
				SUPPORTED_PLATFORMS = "iphoneos iphonesimulator macosx";
				SWIFT_EMIT_LOC_STRINGS = YES;
				SWIFT_VERSION = 5.0;
				TARGETED_DEVICE_FAMILY = "1,2";
			};
			name = Release;
		};
		EC55CED92C902F6A00FD03FA /* Debug */ = {
			isa = XCBuildConfiguration;
			buildSettings = {
				ALWAYS_EMBED_SWIFT_STANDARD_LIBRARIES = YES;
				BUNDLE_LOADER = "$(TEST_HOST)";
				CODE_SIGN_STYLE = Automatic;
				CURRENT_PROJECT_VERSION = 1;
				GENERATE_INFOPLIST_FILE = YES;
				IPHONEOS_DEPLOYMENT_TARGET = 17.5;
				MACOSX_DEPLOYMENT_TARGET = 14.5;
				MARKETING_VERSION = 1.0;
				PRODUCT_BUNDLE_IDENTIFIER = "Gustavo-Freitas-Rosa.PokeAPITests";
				PRODUCT_NAME = "$(TARGET_NAME)";
				SDKROOT = auto;
				SUPPORTED_PLATFORMS = "iphoneos iphonesimulator macosx";
				SWIFT_EMIT_LOC_STRINGS = NO;
				SWIFT_VERSION = 5.0;
				TARGETED_DEVICE_FAMILY = "1,2";
				TEST_HOST = "$(BUILT_PRODUCTS_DIR)/PokeAPI.app/$(BUNDLE_EXECUTABLE_FOLDER_PATH)/PokeAPI";
			};
			name = Debug;
		};
		EC55CEDA2C902F6A00FD03FA /* Release */ = {
			isa = XCBuildConfiguration;
			buildSettings = {
				ALWAYS_EMBED_SWIFT_STANDARD_LIBRARIES = YES;
				BUNDLE_LOADER = "$(TEST_HOST)";
				CODE_SIGN_STYLE = Automatic;
				CURRENT_PROJECT_VERSION = 1;
				GENERATE_INFOPLIST_FILE = YES;
				IPHONEOS_DEPLOYMENT_TARGET = 17.5;
				MACOSX_DEPLOYMENT_TARGET = 14.5;
				MARKETING_VERSION = 1.0;
				PRODUCT_BUNDLE_IDENTIFIER = "Gustavo-Freitas-Rosa.PokeAPITests";
				PRODUCT_NAME = "$(TARGET_NAME)";
				SDKROOT = auto;
				SUPPORTED_PLATFORMS = "iphoneos iphonesimulator macosx";
				SWIFT_EMIT_LOC_STRINGS = NO;
				SWIFT_VERSION = 5.0;
				TARGETED_DEVICE_FAMILY = "1,2";
				TEST_HOST = "$(BUILT_PRODUCTS_DIR)/PokeAPI.app/$(BUNDLE_EXECUTABLE_FOLDER_PATH)/PokeAPI";
			};
			name = Release;
		};
		EC55CEDC2C902F6A00FD03FA /* Debug */ = {
			isa = XCBuildConfiguration;
			buildSettings = {
				ALWAYS_EMBED_SWIFT_STANDARD_LIBRARIES = YES;
				CODE_SIGN_STYLE = Automatic;
				CURRENT_PROJECT_VERSION = 1;
				GENERATE_INFOPLIST_FILE = YES;
				IPHONEOS_DEPLOYMENT_TARGET = 17.5;
				MACOSX_DEPLOYMENT_TARGET = 14.5;
				MARKETING_VERSION = 1.0;
				PRODUCT_BUNDLE_IDENTIFIER = "Gustavo-Freitas-Rosa.PokeAPIUITests";
				PRODUCT_NAME = "$(TARGET_NAME)";
				SDKROOT = auto;
				SUPPORTED_PLATFORMS = "iphoneos iphonesimulator macosx";
				SWIFT_EMIT_LOC_STRINGS = NO;
				SWIFT_VERSION = 5.0;
				TARGETED_DEVICE_FAMILY = "1,2";
				TEST_TARGET_NAME = PokeAPI;
			};
			name = Debug;
		};
		EC55CEDD2C902F6A00FD03FA /* Release */ = {
			isa = XCBuildConfiguration;
			buildSettings = {
				ALWAYS_EMBED_SWIFT_STANDARD_LIBRARIES = YES;
				CODE_SIGN_STYLE = Automatic;
				CURRENT_PROJECT_VERSION = 1;
				GENERATE_INFOPLIST_FILE = YES;
				IPHONEOS_DEPLOYMENT_TARGET = 17.5;
				MACOSX_DEPLOYMENT_TARGET = 14.5;
				MARKETING_VERSION = 1.0;
				PRODUCT_BUNDLE_IDENTIFIER = "Gustavo-Freitas-Rosa.PokeAPIUITests";
				PRODUCT_NAME = "$(TARGET_NAME)";
				SDKROOT = auto;
				SUPPORTED_PLATFORMS = "iphoneos iphonesimulator macosx";
				SWIFT_EMIT_LOC_STRINGS = NO;
				SWIFT_VERSION = 5.0;
				TARGETED_DEVICE_FAMILY = "1,2";
				TEST_TARGET_NAME = PokeAPI;
			};
			name = Release;
		};
/* End XCBuildConfiguration section */

/* Begin XCConfigurationList section */
		EC55CEAB2C902F6900FD03FA /* Build configuration list for PBXProject "PokeAPI" */ = {
			isa = XCConfigurationList;
			buildConfigurations = (
				EC55CED32C902F6A00FD03FA /* Debug */,
				EC55CED42C902F6A00FD03FA /* Release */,
			);
			defaultConfigurationIsVisible = 0;
			defaultConfigurationName = Release;
		};
		EC55CED52C902F6A00FD03FA /* Build configuration list for PBXNativeTarget "PokeAPI" */ = {
			isa = XCConfigurationList;
			buildConfigurations = (
				EC55CED62C902F6A00FD03FA /* Debug */,
				EC55CED72C902F6A00FD03FA /* Release */,
			);
			defaultConfigurationIsVisible = 0;
			defaultConfigurationName = Release;
		};
		EC55CED82C902F6A00FD03FA /* Build configuration list for PBXNativeTarget "PokeAPITests" */ = {
			isa = XCConfigurationList;
			buildConfigurations = (
				EC55CED92C902F6A00FD03FA /* Debug */,
				EC55CEDA2C902F6A00FD03FA /* Release */,
			);
			defaultConfigurationIsVisible = 0;
			defaultConfigurationName = Release;
		};
		EC55CEDB2C902F6A00FD03FA /* Build configuration list for PBXNativeTarget "PokeAPIUITests" */ = {
			isa = XCConfigurationList;
			buildConfigurations = (
				EC55CEDC2C902F6A00FD03FA /* Debug */,
				EC55CEDD2C902F6A00FD03FA /* Release */,
			);
			defaultConfigurationIsVisible = 0;
			defaultConfigurationName = Release;
		};
/* End XCConfigurationList section */
	};
	rootObject = EC55CEA82C902F6900FD03FA /* Project object */;
}
